
Microsoft Visual Studio Solution File, Format Version 12.00
# Visual Studio Version 17
VisualStudioVersion = 17.5.002.0
MinimumVisualStudioVersion = 10.0.40219.1
Project("{9A19103F-16F7-4668-BE54-9A1E7A4F7556}") = "NewTalents", "NewTalents.csproj", "{37E1D9BF-E7AC-460B-AFA2-E6D063B49264}"
EndProject
Global
	GlobalSection(SolutionConfigurationPlatforms) = preSolution
		Debug|Any CPU = Debug|Any CPU
		Release|Any CPU = Release|Any CPU
	EndGlobalSection
	GlobalSection(ProjectConfigurationPlatforms) = postSolution
		{37E1D9BF-E7AC-460B-AFA2-E6D063B49264}.Debug|Any CPU.ActiveCfg = Debug|Any CPU
		{37E1D9BF-E7AC-460B-AFA2-E6D063B49264}.Debug|Any CPU.Build.0 = Debug|Any CPU
		{37E1D9BF-E7AC-460B-AFA2-E6D063B49264}.Release|Any CPU.ActiveCfg = Release|Any CPU
		{37E1D9BF-E7AC-460B-AFA2-E6D063B49264}.Release|Any CPU.Build.0 = Release|Any CPU
	EndGlobalSection
	GlobalSection(SolutionProperties) = preSolution
		HideSolutionNode = FALSE
	EndGlobalSection
	GlobalSection(ExtensibilityGlobals) = postSolution
		SolutionGuid = {56B0CDD0-70EE-478F-880B-ED68051C0AFE}
	EndGlobalSection
EndGlobal
